
Microsoft Visual Studio Solution File, Format Version 12.00
# Visual Studio Version 16
VisualStudioVersion = 16.0.32413.511
MinimumVisualStudioVersion = 10.0.40219.1
Project("{FAE04EC0-301F-11D3-BF4B-00C04F79EFBC}") = "Books_FinalProject", "Books_FinalProject.csproj", "{39782C14-EAC1-4F9F-96F0-9866727D943B}"
EndProject
Global
	GlobalSection(SolutionConfigurationPlatforms) = preSolution
		Debug|Any CPU = Debug|Any CPU
		Release|Any CPU = Release|Any CPU
	EndGlobalSection
	GlobalSection(ProjectConfigurationPlatforms) = postSolution
		{39782C14-EAC1-4F9F-96F0-9866727D943B}.Debug|Any CPU.ActiveCfg = Debug|Any CPU
		{39782C14-EAC1-4F9F-96F0-9866727D943B}.Debug|Any CPU.Build.0 = Debug|Any CPU
		{39782C14-EAC1-4F9F-96F0-9866727D943B}.Release|Any CPU.ActiveCfg = Release|Any CPU
		{39782C14-EAC1-4F9F-96F0-9866727D943B}.Release|Any CPU.Build.0 = Release|Any CPU
	EndGlobalSection
	GlobalSection(SolutionProperties) = preSolution
		HideSolutionNode = FALSE
	EndGlobalSection
	GlobalSection(ExtensibilityGlobals) = postSolution
		SolutionGuid = {7D6961C0-A739-4DC0-8CF2-DACA67CFAAA3}
	EndGlobalSection
EndGlobal
